
Microsoft Visual Studio Solution File, Format Version 12.00
# Visual Studio Version 17
VisualStudioVersion = 17.3.32929.385
MinimumVisualStudioVersion = 10.0.40219.1
Project("{FAE04EC0-301F-11D3-BF4B-00C04F79EFBC}") = "ProyectoHotel.PresentacionConsola", "ProyectoHotel.PresentacionConsola\ProyectoHotel.PresentacionConsola.csproj", "{18EC7439-6E6A-40D3-A2D5-FE00BAE2AC0A}"
EndProject
Project("{FAE04EC0-301F-11D3-BF4B-00C04F79EFBC}") = "ProyectoHotel.Entidades", "ProyectoHotel.Entidades\ProyectoHotel.Entidades.csproj", "{0839D671-8814-4427-982C-F9C5A524D479}"
EndProject
Project("{FAE04EC0-301F-11D3-BF4B-00C04F79EFBC}") = "ProyectoHotel.Negocio", "ProyectoHotel.Negocio\ProyectoHotel.Negocio.csproj", "{718EC92E-D239-4FF5-9695-D569D4D429E9}"
EndProject
Project("{FAE04EC0-301F-11D3-BF4B-00C04F79EFBC}") = "ProyectoHotel.Datos", "ProyectoHotel.Datos\ProyectoHotel.Datos.csproj", "{0015284C-E268-4DD2-A3D8-29ECE7FE6893}"
EndProject
Global
	GlobalSection(SolutionConfigurationPlatforms) = preSolution
		Debug|Any CPU = Debug|Any CPU
		Release|Any CPU = Release|Any CPU
	EndGlobalSection
	GlobalSection(ProjectConfigurationPlatforms) = postSolution
		{18EC7439-6E6A-40D3-A2D5-FE00BAE2AC0A}.Debug|Any CPU.ActiveCfg = Debug|Any CPU
		{18EC7439-6E6A-40D3-A2D5-FE00BAE2AC0A}.Debug|Any CPU.Build.0 = Debug|Any CPU
		{18EC7439-6E6A-40D3-A2D5-FE00BAE2AC0A}.Release|Any CPU.ActiveCfg = Release|Any CPU
		{18EC7439-6E6A-40D3-A2D5-FE00BAE2AC0A}.Release|Any CPU.Build.0 = Release|Any CPU
		{0839D671-8814-4427-982C-F9C5A524D479}.Debug|Any CPU.ActiveCfg = Debug|Any CPU
		{0839D671-8814-4427-982C-F9C5A524D479}.Debug|Any CPU.Build.0 = Debug|Any CPU
		{0839D671-8814-4427-982C-F9C5A524D479}.Release|Any CPU.ActiveCfg = Release|Any CPU
		{0839D671-8814-4427-982C-F9C5A524D479}.Release|Any CPU.Build.0 = Release|Any CPU
		{718EC92E-D239-4FF5-9695-D569D4D429E9}.Debug|Any CPU.ActiveCfg = Debug|Any CPU
		{718EC92E-D239-4FF5-9695-D569D4D429E9}.Debug|Any CPU.Build.0 = Debug|Any CPU
		{718EC92E-D239-4FF5-9695-D569D4D429E9}.Release|Any CPU.ActiveCfg = Release|Any CPU
		{718EC92E-D239-4FF5-9695-D569D4D429E9}.Release|Any CPU.Build.0 = Release|Any CPU
		{0015284C-E268-4DD2-A3D8-29ECE7FE6893}.Debug|Any CPU.ActiveCfg = Debug|Any CPU
		{0015284C-E268-4DD2-A3D8-29ECE7FE6893}.Debug|Any CPU.Build.0 = Debug|Any CPU
		{0015284C-E268-4DD2-A3D8-29ECE7FE6893}.Release|Any CPU.ActiveCfg = Release|Any CPU
		{0015284C-E268-4DD2-A3D8-29ECE7FE6893}.Release|Any CPU.Build.0 = Release|Any CPU
	EndGlobalSection
	GlobalSection(SolutionProperties) = preSolution
		HideSolutionNode = FALSE
	EndGlobalSection
	GlobalSection(ExtensibilityGlobals) = postSolution
		SolutionGuid = {837CB568-9618-4292-A40E-D82BAB14CA73}
	EndGlobalSection
EndGlobal
