
Microsoft Visual Studio Solution File, Format Version 12.00
# Visual Studio Version 17
VisualStudioVersion = 17.3.32929.385
MinimumVisualStudioVersion = 10.0.40219.1
Project("{FAE04EC0-301F-11D3-BF4B-00C04F79EFBC}") = "ProyectoHotel.PresentacionConsola", "ProyectoHotel.PresentacionConsola\ProyectoHotel.PresentacionConsola.csproj", "{18EC7439-6E6A-40D3-A2D5-FE00BAE2AC0A}"
EndProject
Global
	GlobalSection(SolutionConfigurationPlatforms) = preSolution
		Debug|Any CPU = Debug|Any CPU
		Release|Any CPU = Release|Any CPU
	EndGlobalSection
	GlobalSection(ProjectConfigurationPlatforms) = postSolution
		{18EC7439-6E6A-40D3-A2D5-FE00BAE2AC0A}.Debug|Any CPU.ActiveCfg = Debug|Any CPU
		{18EC7439-6E6A-40D3-A2D5-FE00BAE2AC0A}.Debug|Any CPU.Build.0 = Debug|Any CPU
		{18EC7439-6E6A-40D3-A2D5-FE00BAE2AC0A}.Release|Any CPU.ActiveCfg = Release|Any CPU
		{18EC7439-6E6A-40D3-A2D5-FE00BAE2AC0A}.Release|Any CPU.Build.0 = Release|Any CPU
	EndGlobalSection
	GlobalSection(SolutionProperties) = preSolution
		HideSolutionNode = FALSE
	EndGlobalSection
	GlobalSection(ExtensibilityGlobals) = postSolution
		SolutionGuid = {837CB568-9618-4292-A40E-D82BAB14CA73}
	EndGlobalSection
EndGlobal
